
Microsoft Visual Studio Solution File, Format Version 12.00
# Visual Studio Version 17
VisualStudioVersion = 17.11.35219.272
MinimumVisualStudioVersion = 10.0.40219.1
Project("{FAE04EC0-301F-11D3-BF4B-00C04F79EFBC}") = "TravelTripProje", "TravelTripProje\TravelTripProje.csproj", "{39D2742E-E649-4F07-AC7C-53835CC5821E}"
EndProject
Global
	GlobalSection(SolutionConfigurationPlatforms) = preSolution
		Debug|Any CPU = Debug|Any CPU
		Release|Any CPU = Release|Any CPU
	EndGlobalSection
	GlobalSection(ProjectConfigurationPlatforms) = postSolution
		{39D2742E-E649-4F07-AC7C-53835CC5821E}.Debug|Any CPU.ActiveCfg = Debug|Any CPU
		{39D2742E-E649-4F07-AC7C-53835CC5821E}.Debug|Any CPU.Build.0 = Debug|Any CPU
		{39D2742E-E649-4F07-AC7C-53835CC5821E}.Release|Any CPU.ActiveCfg = Release|Any CPU
		{39D2742E-E649-4F07-AC7C-53835CC5821E}.Release|Any CPU.Build.0 = Release|Any CPU
	EndGlobalSection
	GlobalSection(SolutionProperties) = preSolution
		HideSolutionNode = FALSE
	EndGlobalSection
	GlobalSection(ExtensibilityGlobals) = postSolution
		SolutionGuid = {8F2EBDBA-1386-4CC8-8D73-940AEAD6F0CA}
	EndGlobalSection
EndGlobal
